// !$*UTF8*$!
{
	archiveVersion = 1;
	classes = {
	};
	objectVersion = 56;
	objects = {

/* Begin PBXBuildFile section */
		AD0085BA2A9A258500B86793 /* IngredientsTableViewController.swift in Sources */ = {isa = PBXBuildFile; fileRef = AD0085B92A9A258500B86793 /* IngredientsTableViewController.swift */; };
		AD0663662A7626B000C29E82 /* ChatAnswerTableViewCell.swift in Sources */ = {isa = PBXBuildFile; fileRef = AD0663652A7626B000C29E82 /* ChatAnswerTableViewCell.swift */; };
		AD0663682A762E9A00C29E82 /* ChatQuetionTableViewCell.swift in Sources */ = {isa = PBXBuildFile; fileRef = AD0663672A762E9A00C29E82 /* ChatQuetionTableViewCell.swift */; };
		AD111B592A6BAC9A00FE38B5 /* OnboardGetStatedViewController.swift in Sources */ = {isa = PBXBuildFile; fileRef = AD111B582A6BAC9A00FE38B5 /* OnboardGetStatedViewController.swift */; };
		AD111B5B2A6BACC900FE38B5 /* OnboardPageViewController.swift in Sources */ = {isa = PBXBuildFile; fileRef = AD111B5A2A6BACC900FE38B5 /* OnboardPageViewController.swift */; };
		AD46E9802A6B9E4D003D94AC /* AppDelegate.swift in Sources */ = {isa = PBXBuildFile; fileRef = AD46E97F2A6B9E4D003D94AC /* AppDelegate.swift */; };
		AD46E9822A6B9E4D003D94AC /* SceneDelegate.swift in Sources */ = {isa = PBXBuildFile; fileRef = AD46E9812A6B9E4D003D94AC /* SceneDelegate.swift */; };
		AD46E9842A6B9E4D003D94AC /* MainTableViewController.swift in Sources */ = {isa = PBXBuildFile; fileRef = AD46E9832A6B9E4D003D94AC /* MainTableViewController.swift */; };
		AD46E9872A6B9E4D003D94AC /* Main.storyboard in Resources */ = {isa = PBXBuildFile; fileRef = AD46E9852A6B9E4D003D94AC /* Main.storyboard */; };
		AD46E9892A6B9E4E003D94AC /* Assets.xcassets in Resources */ = {isa = PBXBuildFile; fileRef = AD46E9882A6B9E4E003D94AC /* Assets.xcassets */; };
		AD46E98C2A6B9E4E003D94AC /* LaunchScreen.storyboard in Resources */ = {isa = PBXBuildFile; fileRef = AD46E98A2A6B9E4E003D94AC /* LaunchScreen.storyboard */; };
		AD46E9972A6B9E4E003D94AC /* Khana_KhasTests.swift in Sources */ = {isa = PBXBuildFile; fileRef = AD46E9962A6B9E4E003D94AC /* Khana_KhasTests.swift */; };
		AD46E9A12A6B9E4E003D94AC /* Khana_KhasUITests.swift in Sources */ = {isa = PBXBuildFile; fileRef = AD46E9A02A6B9E4E003D94AC /* Khana_KhasUITests.swift */; };
		AD46E9A32A6B9E4E003D94AC /* Khana_KhasUITestsLaunchTests.swift in Sources */ = {isa = PBXBuildFile; fileRef = AD46E9A22A6B9E4E003D94AC /* Khana_KhasUITestsLaunchTests.swift */; };
		AD46E9B12A6BA01D003D94AC /* Onboard.storyboard in Resources */ = {isa = PBXBuildFile; fileRef = AD46E9B02A6BA01D003D94AC /* Onboard.storyboard */; };
		AD5AC07A2A91E08600E4A4F9 /* FoodSuggestionManager.swift in Sources */ = {isa = PBXBuildFile; fileRef = AD5AC0792A91E08600E4A4F9 /* FoodSuggestionManager.swift */; };
		AD5AC07C2A91E42F00E4A4F9 /* ChatLoadingTableViewCell.swift in Sources */ = {isa = PBXBuildFile; fileRef = AD5AC07B2A91E42F00E4A4F9 /* ChatLoadingTableViewCell.swift */; };
		AD8760F62A8BB7C900419784 /* ChatViewModel.swift in Sources */ = {isa = PBXBuildFile; fileRef = AD8760F52A8BB7C900419784 /* ChatViewModel.swift */; };
		AD8760F92A8BB86C00419784 /* ChatItem.swift in Sources */ = {isa = PBXBuildFile; fileRef = AD8760F82A8BB86C00419784 /* ChatItem.swift */; };
		AD8760FC2A8BB8A000419784 /* ChatQuestion.swift in Sources */ = {isa = PBXBuildFile; fileRef = AD8760FB2A8BB8A000419784 /* ChatQuestion.swift */; };
		AD8760FE2A8BB8AF00419784 /* ChatAnswer.swift in Sources */ = {isa = PBXBuildFile; fileRef = AD8760FD2A8BB8AF00419784 /* ChatAnswer.swift */; };
		AD8761002A8BB8C500419784 /* ChatOption.swift in Sources */ = {isa = PBXBuildFile; fileRef = AD8760FF2A8BB8C500419784 /* ChatOption.swift */; };
		AD898E6D2A9F6B2000CC70D2 /* RecipeDetailViewController.swift in Sources */ = {isa = PBXBuildFile; fileRef = AD898E6C2A9F6B2000CC70D2 /* RecipeDetailViewController.swift */; };
		AD898E6F2A9F702400CC70D2 /* PanesManager.swift in Sources */ = {isa = PBXBuildFile; fileRef = AD898E6E2A9F702400CC70D2 /* PanesManager.swift */; };
		AD8A0AAA2AA0D72B0040DD64 /* UIView-Shimmer in Frameworks */ = {isa = PBXBuildFile; productRef = AD8A0AA92AA0D72B0040DD64 /* UIView-Shimmer */; };
		AD8A369A2A88B989007842FE /* ChatOptionsTableViewCell.swift in Sources */ = {isa = PBXBuildFile; fileRef = AD8A36992A88B989007842FE /* ChatOptionsTableViewCell.swift */; };
		AD8A369E2A88C830007842FE /* ChatOptionsCollectionViewLayout.swift in Sources */ = {isa = PBXBuildFile; fileRef = AD8A369D2A88C830007842FE /* ChatOptionsCollectionViewLayout.swift */; };
		AD8C11DF2A8B74DA00EE1876 /* ChatOptionCollectionViewCell.swift in Sources */ = {isa = PBXBuildFile; fileRef = AD8C11DE2A8B74DA00EE1876 /* ChatOptionCollectionViewCell.swift */; };
		AD8DA8912A72D65D0011B2B3 /* Lottie in Frameworks */ = {isa = PBXBuildFile; productRef = AD8DA8902A72D65D0011B2B3 /* Lottie */; };
		AD8DA8942A72D6D50011B2B3 /* welcome.json in Resources */ = {isa = PBXBuildFile; fileRef = AD8DA8932A72D6D50011B2B3 /* welcome.json */; };
		AD8DA8962A72D6F70011B2B3 /* OnboardWelcomePageController.swift in Sources */ = {isa = PBXBuildFile; fileRef = AD8DA8952A72D6F70011B2B3 /* OnboardWelcomePageController.swift */; };
		AD92E5A92A9CF9B1006FF5DB /* FoodRecipeTableViewCell.swift in Sources */ = {isa = PBXBuildFile; fileRef = AD92E5A82A9CF9B1006FF5DB /* FoodRecipeTableViewCell.swift */; };
		AD92E5AB2A9CFADB006FF5DB /* ChatFoodRecipes.swift in Sources */ = {isa = PBXBuildFile; fileRef = AD92E5AA2A9CFADB006FF5DB /* ChatFoodRecipes.swift */; };
		AD92E5AD2A9D087B006FF5DB /* khadvi.jpeg in Resources */ = {isa = PBXBuildFile; fileRef = AD92E5AC2A9D087B006FF5DB /* khadvi.jpeg */; };
		AD985B452AA0DC4200321D57 /* ImageManager.swift in Sources */ = {isa = PBXBuildFile; fileRef = AD985B442AA0DC4200321D57 /* ImageManager.swift */; };
		AD985B472AA0DD0300321D57 /* NetworkManager.swift in Sources */ = {isa = PBXBuildFile; fileRef = AD985B462AA0DD0300321D57 /* NetworkManager.swift */; };
		AD985B492AA0E16600321D57 /* NotificationManager.swift in Sources */ = {isa = PBXBuildFile; fileRef = AD985B482AA0E16600321D57 /* NotificationManager.swift */; };
		ADB6C02C2A7E2223004D8E04 /* DifferenceKit in Frameworks */ = {isa = PBXBuildFile; productRef = ADB6C02B2A7E2223004D8E04 /* DifferenceKit */; };
		ADB73DCE2A74D9BB007D53E9 /* PrefrenceManager.swift in Sources */ = {isa = PBXBuildFile; fileRef = ADB73DCD2A74D9BB007D53E9 /* PrefrenceManager.swift */; };
		ADB73DD02A74DF25007D53E9 /* EntryViewController.swift in Sources */ = {isa = PBXBuildFile; fileRef = ADB73DCF2A74DF25007D53E9 /* EntryViewController.swift */; };
		ADB73DD22A74DF5B007D53E9 /* Entry.storyboard in Resources */ = {isa = PBXBuildFile; fileRef = ADB73DD12A74DF5B007D53E9 /* Entry.storyboard */; };
		ADBCDF792A72B1E200049552 /* OnboardPrefrenceViewController.swift in Sources */ = {isa = PBXBuildFile; fileRef = ADBCDF782A72B1E200049552 /* OnboardPrefrenceViewController.swift */; };
		ADC0EC552A9B1A2200764E5E /* IngredientItemTableViewCell.swift in Sources */ = {isa = PBXBuildFile; fileRef = ADC0EC542A9B1A2200764E5E /* IngredientItemTableViewCell.swift */; };
		ADF27DD92A92186B0035B1A4 /* ChatTableViewCell.swift in Sources */ = {isa = PBXBuildFile; fileRef = ADF27DD82A92186B0035B1A4 /* ChatTableViewCell.swift */; };
/* End PBXBuildFile section */

/* Begin PBXContainerItemProxy section */
		AD46E9932A6B9E4E003D94AC /* PBXContainerItemProxy */ = {
			isa = PBXContainerItemProxy;
			containerPortal = AD46E9742A6B9E4D003D94AC /* Project object */;
			proxyType = 1;
			remoteGlobalIDString = AD46E97B2A6B9E4D003D94AC;
			remoteInfo = "Khana Khas";
		};
		AD46E99D2A6B9E4E003D94AC /* PBXContainerItemProxy */ = {
			isa = PBXContainerItemProxy;
			containerPortal = AD46E9742A6B9E4D003D94AC /* Project object */;
			proxyType = 1;
			remoteGlobalIDString = AD46E97B2A6B9E4D003D94AC;
			remoteInfo = "Khana Khas";
		};
/* End PBXContainerItemProxy section */

/* Begin PBXFileReference section */
		AD0085B92A9A258500B86793 /* IngredientsTableViewController.swift */ = {isa = PBXFileReference; lastKnownFileType = sourcecode.swift; path = IngredientsTableViewController.swift; sourceTree = "<group>"; };
		AD0663652A7626B000C29E82 /* ChatAnswerTableViewCell.swift */ = {isa = PBXFileReference; lastKnownFileType = sourcecode.swift; path = ChatAnswerTableViewCell.swift; sourceTree = "<group>"; };
		AD0663672A762E9A00C29E82 /* ChatQuetionTableViewCell.swift */ = {isa = PBXFileReference; lastKnownFileType = sourcecode.swift; path = ChatQuetionTableViewCell.swift; sourceTree = "<group>"; };
		AD111B582A6BAC9A00FE38B5 /* OnboardGetStatedViewController.swift */ = {isa = PBXFileReference; lastKnownFileType = sourcecode.swift; path = OnboardGetStatedViewController.swift; sourceTree = "<group>"; };
		AD111B5A2A6BACC900FE38B5 /* OnboardPageViewController.swift */ = {isa = PBXFileReference; lastKnownFileType = sourcecode.swift; path = OnboardPageViewController.swift; sourceTree = "<group>"; };
		AD46E97C2A6B9E4D003D94AC /* Khana Khas.app */ = {isa = PBXFileReference; explicitFileType = wrapper.application; includeInIndex = 0; path = "Khana Khas.app"; sourceTree = BUILT_PRODUCTS_DIR; };
		AD46E97F2A6B9E4D003D94AC /* AppDelegate.swift */ = {isa = PBXFileReference; lastKnownFileType = sourcecode.swift; path = AppDelegate.swift; sourceTree = "<group>"; };
		AD46E9812A6B9E4D003D94AC /* SceneDelegate.swift */ = {isa = PBXFileReference; lastKnownFileType = sourcecode.swift; path = SceneDelegate.swift; sourceTree = "<group>"; };
		AD46E9832A6B9E4D003D94AC /* MainTableViewController.swift */ = {isa = PBXFileReference; lastKnownFileType = sourcecode.swift; path = MainTableViewController.swift; sourceTree = "<group>"; };
		AD46E9862A6B9E4D003D94AC /* Base */ = {isa = PBXFileReference; lastKnownFileType = file.storyboard; name = Base; path = Base.lproj/Main.storyboard; sourceTree = "<group>"; };
		AD46E9882A6B9E4E003D94AC /* Assets.xcassets */ = {isa = PBXFileReference; lastKnownFileType = folder.assetcatalog; path = Assets.xcassets; sourceTree = "<group>"; };
		AD46E98B2A6B9E4E003D94AC /* Base */ = {isa = PBXFileReference; lastKnownFileType = file.storyboard; name = Base; path = Base.lproj/LaunchScreen.storyboard; sourceTree = "<group>"; };
		AD46E98D2A6B9E4E003D94AC /* Info.plist */ = {isa = PBXFileReference; lastKnownFileType = text.plist.xml; path = Info.plist; sourceTree = "<group>"; };
		AD46E9922A6B9E4E003D94AC /* Khana KhasTests.xctest */ = {isa = PBXFileReference; explicitFileType = wrapper.cfbundle; includeInIndex = 0; path = "Khana KhasTests.xctest"; sourceTree = BUILT_PRODUCTS_DIR; };
		AD46E9962A6B9E4E003D94AC /* Khana_KhasTests.swift */ = {isa = PBXFileReference; lastKnownFileType = sourcecode.swift; path = Khana_KhasTests.swift; sourceTree = "<group>"; };
		AD46E99C2A6B9E4E003D94AC /* Khana KhasUITests.xctest */ = {isa = PBXFileReference; explicitFileType = wrapper.cfbundle; includeInIndex = 0; path = "Khana KhasUITests.xctest"; sourceTree = BUILT_PRODUCTS_DIR; };
		AD46E9A02A6B9E4E003D94AC /* Khana_KhasUITests.swift */ = {isa = PBXFileReference; lastKnownFileType = sourcecode.swift; path = Khana_KhasUITests.swift; sourceTree = "<group>"; };
		AD46E9A22A6B9E4E003D94AC /* Khana_KhasUITestsLaunchTests.swift */ = {isa = PBXFileReference; lastKnownFileType = sourcecode.swift; path = Khana_KhasUITestsLaunchTests.swift; sourceTree = "<group>"; };
		AD46E9B02A6BA01D003D94AC /* Onboard.storyboard */ = {isa = PBXFileReference; lastKnownFileType = file.storyboard; path = Onboard.storyboard; sourceTree = "<group>"; };
		AD5AC0792A91E08600E4A4F9 /* FoodSuggestionManager.swift */ = {isa = PBXFileReference; lastKnownFileType = sourcecode.swift; path = FoodSuggestionManager.swift; sourceTree = "<group>"; };
		AD5AC07B2A91E42F00E4A4F9 /* ChatLoadingTableViewCell.swift */ = {isa = PBXFileReference; lastKnownFileType = sourcecode.swift; path = ChatLoadingTableViewCell.swift; sourceTree = "<group>"; };
		AD8760F52A8BB7C900419784 /* ChatViewModel.swift */ = {isa = PBXFileReference; lastKnownFileType = sourcecode.swift; path = ChatViewModel.swift; sourceTree = "<group>"; };
		AD8760F82A8BB86C00419784 /* ChatItem.swift */ = {isa = PBXFileReference; lastKnownFileType = sourcecode.swift; path = ChatItem.swift; sourceTree = "<group>"; };
		AD8760FB2A8BB8A000419784 /* ChatQuestion.swift */ = {isa = PBXFileReference; lastKnownFileType = sourcecode.swift; path = ChatQuestion.swift; sourceTree = "<group>"; };
		AD8760FD2A8BB8AF00419784 /* ChatAnswer.swift */ = {isa = PBXFileReference; lastKnownFileType = sourcecode.swift; path = ChatAnswer.swift; sourceTree = "<group>"; };
		AD8760FF2A8BB8C500419784 /* ChatOption.swift */ = {isa = PBXFileReference; lastKnownFileType = sourcecode.swift; path = ChatOption.swift; sourceTree = "<group>"; };
		AD898E6C2A9F6B2000CC70D2 /* RecipeDetailViewController.swift */ = {isa = PBXFileReference; lastKnownFileType = sourcecode.swift; path = RecipeDetailViewController.swift; sourceTree = "<group>"; };
		AD898E6E2A9F702400CC70D2 /* PanesManager.swift */ = {isa = PBXFileReference; lastKnownFileType = sourcecode.swift; path = PanesManager.swift; sourceTree = "<group>"; };
		AD8A36992A88B989007842FE /* ChatOptionsTableViewCell.swift */ = {isa = PBXFileReference; lastKnownFileType = sourcecode.swift; path = ChatOptionsTableViewCell.swift; sourceTree = "<group>"; };
		AD8A369D2A88C830007842FE /* ChatOptionsCollectionViewLayout.swift */ = {isa = PBXFileReference; lastKnownFileType = sourcecode.swift; path = ChatOptionsCollectionViewLayout.swift; sourceTree = "<group>"; };
		AD8C11DE2A8B74DA00EE1876 /* ChatOptionCollectionViewCell.swift */ = {isa = PBXFileReference; lastKnownFileType = sourcecode.swift; path = ChatOptionCollectionViewCell.swift; sourceTree = "<group>"; };
		AD8DA8932A72D6D50011B2B3 /* welcome.json */ = {isa = PBXFileReference; fileEncoding = 4; lastKnownFileType = text.json; path = welcome.json; sourceTree = "<group>"; };
		AD8DA8952A72D6F70011B2B3 /* OnboardWelcomePageController.swift */ = {isa = PBXFileReference; lastKnownFileType = sourcecode.swift; path = OnboardWelcomePageController.swift; sourceTree = "<group>"; };
		AD92E5A82A9CF9B1006FF5DB /* FoodRecipeTableViewCell.swift */ = {isa = PBXFileReference; lastKnownFileType = sourcecode.swift; path = FoodRecipeTableViewCell.swift; sourceTree = "<group>"; };
		AD92E5AA2A9CFADB006FF5DB /* ChatFoodRecipes.swift */ = {isa = PBXFileReference; lastKnownFileType = sourcecode.swift; path = ChatFoodRecipes.swift; sourceTree = "<group>"; };
		AD92E5AC2A9D087B006FF5DB /* khadvi.jpeg */ = {isa = PBXFileReference; lastKnownFileType = image.jpeg; path = khadvi.jpeg; sourceTree = "<group>"; };
		AD985B442AA0DC4200321D57 /* ImageManager.swift */ = {isa = PBXFileReference; lastKnownFileType = sourcecode.swift; path = ImageManager.swift; sourceTree = "<group>"; };
		AD985B462AA0DD0300321D57 /* NetworkManager.swift */ = {isa = PBXFileReference; lastKnownFileType = sourcecode.swift; path = NetworkManager.swift; sourceTree = "<group>"; };
		AD985B482AA0E16600321D57 /* NotificationManager.swift */ = {isa = PBXFileReference; lastKnownFileType = sourcecode.swift; path = NotificationManager.swift; sourceTree = "<group>"; };
		ADB73DCD2A74D9BB007D53E9 /* PrefrenceManager.swift */ = {isa = PBXFileReference; lastKnownFileType = sourcecode.swift; path = PrefrenceManager.swift; sourceTree = "<group>"; };
		ADB73DCF2A74DF25007D53E9 /* EntryViewController.swift */ = {isa = PBXFileReference; lastKnownFileType = sourcecode.swift; path = EntryViewController.swift; sourceTree = "<group>"; };
		ADB73DD12A74DF5B007D53E9 /* Entry.storyboard */ = {isa = PBXFileReference; lastKnownFileType = file.storyboard; path = Entry.storyboard; sourceTree = "<group>"; };
		ADBCDF782A72B1E200049552 /* OnboardPrefrenceViewController.swift */ = {isa = PBXFileReference; lastKnownFileType = sourcecode.swift; path = OnboardPrefrenceViewController.swift; sourceTree = "<group>"; };
		ADC0EC542A9B1A2200764E5E /* IngredientItemTableViewCell.swift */ = {isa = PBXFileReference; lastKnownFileType = sourcecode.swift; path = IngredientItemTableViewCell.swift; sourceTree = "<group>"; };
		ADF27DD82A92186B0035B1A4 /* ChatTableViewCell.swift */ = {isa = PBXFileReference; lastKnownFileType = sourcecode.swift; path = ChatTableViewCell.swift; sourceTree = "<group>"; };
/* End PBXFileReference section */

/* Begin PBXFrameworksBuildPhase section */
		AD46E9792A6B9E4D003D94AC /* Frameworks */ = {
			isa = PBXFrameworksBuildPhase;
			buildActionMask = 2147483647;
			files = (
				ADB6C02C2A7E2223004D8E04 /* DifferenceKit in Frameworks */,
				AD8A0AAA2AA0D72B0040DD64 /* UIView-Shimmer in Frameworks */,
				AD8DA8912A72D65D0011B2B3 /* Lottie in Frameworks */,
			);
			runOnlyForDeploymentPostprocessing = 0;
		};
		AD46E98F2A6B9E4E003D94AC /* Frameworks */ = {
			isa = PBXFrameworksBuildPhase;
			buildActionMask = 2147483647;
			files = (
			);
			runOnlyForDeploymentPostprocessing = 0;
		};
		AD46E9992A6B9E4E003D94AC /* Frameworks */ = {
			isa = PBXFrameworksBuildPhase;
			buildActionMask = 2147483647;
			files = (
			);
			runOnlyForDeploymentPostprocessing = 0;
		};
/* End PBXFrameworksBuildPhase section */

/* Begin PBXGroup section */
		AD0663622A76256F00C29E82 /* Main */ = {
			isa = PBXGroup;
			children = (
				AD8760F72A8BB84300419784 /* Objects */,
				AD8760F42A8BB7B100419784 /* View Models */,
				AD0663632A76258400C29E82 /* Controllers */,
				AD0663642A76267D00C29E82 /* Cells */,
				AD46E9852A6B9E4D003D94AC /* Main.storyboard */,
			);
			path = Main;
			sourceTree = "<group>";
		};
		AD0663632A76258400C29E82 /* Controllers */ = {
			isa = PBXGroup;
			children = (
				AD46E9832A6B9E4D003D94AC /* MainTableViewController.swift */,
				AD0085B92A9A258500B86793 /* IngredientsTableViewController.swift */,
				AD898E6C2A9F6B2000CC70D2 /* RecipeDetailViewController.swift */,
			);
			path = Controllers;
			sourceTree = "<group>";
		};
		AD0663642A76267D00C29E82 /* Cells */ = {
			isa = PBXGroup;
			children = (
				AD8A369C2A88C7D7007842FE /* Layouts */,
				ADF27DD82A92186B0035B1A4 /* ChatTableViewCell.swift */,
				AD0663652A7626B000C29E82 /* ChatAnswerTableViewCell.swift */,
				AD0663672A762E9A00C29E82 /* ChatQuetionTableViewCell.swift */,
				AD8A36992A88B989007842FE /* ChatOptionsTableViewCell.swift */,
				AD8C11DE2A8B74DA00EE1876 /* ChatOptionCollectionViewCell.swift */,
				AD5AC07B2A91E42F00E4A4F9 /* ChatLoadingTableViewCell.swift */,
				ADC0EC542A9B1A2200764E5E /* IngredientItemTableViewCell.swift */,
				AD92E5A82A9CF9B1006FF5DB /* FoodRecipeTableViewCell.swift */,
			);
			path = Cells;
			sourceTree = "<group>";
		};
		AD111B572A6BAC6100FE38B5 /* Controllers */ = {
			isa = PBXGroup;
			children = (
				AD111B582A6BAC9A00FE38B5 /* OnboardGetStatedViewController.swift */,
				AD111B5A2A6BACC900FE38B5 /* OnboardPageViewController.swift */,
				ADBCDF782A72B1E200049552 /* OnboardPrefrenceViewController.swift */,
				AD8DA8952A72D6F70011B2B3 /* OnboardWelcomePageController.swift */,
			);
			path = Controllers;
			sourceTree = "<group>";
		};
		AD46E9732A6B9E4D003D94AC = {
			isa = PBXGroup;
			children = (
				AD46E97E2A6B9E4D003D94AC /* Khana Khas */,
				AD46E9952A6B9E4E003D94AC /* Khana KhasTests */,
				AD46E99F2A6B9E4E003D94AC /* Khana KhasUITests */,
				AD46E97D2A6B9E4D003D94AC /* Products */,
			);
			sourceTree = "<group>";
		};
		AD46E97D2A6B9E4D003D94AC /* Products */ = {
			isa = PBXGroup;
			children = (
				AD46E97C2A6B9E4D003D94AC /* Khana Khas.app */,
				AD46E9922A6B9E4E003D94AC /* Khana KhasTests.xctest */,
				AD46E99C2A6B9E4E003D94AC /* Khana KhasUITests.xctest */,
			);
			name = Products;
			sourceTree = "<group>";
		};
		AD46E97E2A6B9E4D003D94AC /* Khana Khas */ = {
			isa = PBXGroup;
			children = (
				ADB73DCC2A74D99E007D53E9 /* Managers */,
				AD8DA8922A72D6B00011B2B3 /* Assets */,
				AD46E9AF2A6B9E8B003D94AC /* Onboard */,
				AD0663622A76256F00C29E82 /* Main */,
				AD46E97F2A6B9E4D003D94AC /* AppDelegate.swift */,
				AD46E9812A6B9E4D003D94AC /* SceneDelegate.swift */,
				AD46E9882A6B9E4E003D94AC /* Assets.xcassets */,
				AD46E98A2A6B9E4E003D94AC /* LaunchScreen.storyboard */,
				AD46E98D2A6B9E4E003D94AC /* Info.plist */,
				ADB73DCF2A74DF25007D53E9 /* EntryViewController.swift */,
				ADB73DD12A74DF5B007D53E9 /* Entry.storyboard */,
			);
			path = "Khana Khas";
			sourceTree = "<group>";
		};
		AD46E9952A6B9E4E003D94AC /* Khana KhasTests */ = {
			isa = PBXGroup;
			children = (
				AD46E9962A6B9E4E003D94AC /* Khana_KhasTests.swift */,
			);
			path = "Khana KhasTests";
			sourceTree = "<group>";
		};
		AD46E99F2A6B9E4E003D94AC /* Khana KhasUITests */ = {
			isa = PBXGroup;
			children = (
				AD46E9A02A6B9E4E003D94AC /* Khana_KhasUITests.swift */,
				AD46E9A22A6B9E4E003D94AC /* Khana_KhasUITestsLaunchTests.swift */,
			);
			path = "Khana KhasUITests";
			sourceTree = "<group>";
		};
		AD46E9AF2A6B9E8B003D94AC /* Onboard */ = {
			isa = PBXGroup;
			children = (
				AD111B572A6BAC6100FE38B5 /* Controllers */,
				AD46E9B02A6BA01D003D94AC /* Onboard.storyboard */,
			);
			path = Onboard;
			sourceTree = "<group>";
		};
		AD8760F42A8BB7B100419784 /* View Models */ = {
			isa = PBXGroup;
			children = (
				AD8760F52A8BB7C900419784 /* ChatViewModel.swift */,
			);
			path = "View Models";
			sourceTree = "<group>";
		};
		AD8760F72A8BB84300419784 /* Objects */ = {
			isa = PBXGroup;
			children = (
				AD8760F82A8BB86C00419784 /* ChatItem.swift */,
				AD8760FB2A8BB8A000419784 /* ChatQuestion.swift */,
				AD8760FD2A8BB8AF00419784 /* ChatAnswer.swift */,
				AD8760FF2A8BB8C500419784 /* ChatOption.swift */,
				AD92E5AA2A9CFADB006FF5DB /* ChatFoodRecipes.swift */,
			);
			path = Objects;
			sourceTree = "<group>";
		};
		AD8A369C2A88C7D7007842FE /* Layouts */ = {
			isa = PBXGroup;
			children = (
				AD8A369D2A88C830007842FE /* ChatOptionsCollectionViewLayout.swift */,
			);
			path = Layouts;
			sourceTree = "<group>";
		};
		AD8DA8922A72D6B00011B2B3 /* Assets */ = {
			isa = PBXGroup;
			children = (
				AD8DA8932A72D6D50011B2B3 /* welcome.json */,
				AD92E5AC2A9D087B006FF5DB /* khadvi.jpeg */,
			);
			path = Assets;
			sourceTree = "<group>";
		};
		ADB73DCC2A74D99E007D53E9 /* Managers */ = {
			isa = PBXGroup;
			children = (
				ADB73DCD2A74D9BB007D53E9 /* PrefrenceManager.swift */,
				AD5AC0792A91E08600E4A4F9 /* FoodSuggestionManager.swift */,
				AD898E6E2A9F702400CC70D2 /* PanesManager.swift */,
				AD985B442AA0DC4200321D57 /* ImageManager.swift */,
				AD985B462AA0DD0300321D57 /* NetworkManager.swift */,
				AD985B482AA0E16600321D57 /* NotificationManager.swift */,
			);
			path = Managers;
			sourceTree = "<group>";
		};
/* End PBXGroup section */

/* Begin PBXNativeTarget section */
		AD46E97B2A6B9E4D003D94AC /* Khana Khas */ = {
			isa = PBXNativeTarget;
			buildConfigurationList = AD46E9A62A6B9E4E003D94AC /* Build configuration list for PBXNativeTarget "Khana Khas" */;
			buildPhases = (
				AD46E9782A6B9E4D003D94AC /* Sources */,
				AD46E9792A6B9E4D003D94AC /* Frameworks */,
				AD46E97A2A6B9E4D003D94AC /* Resources */,
			);
			buildRules = (
			);
			dependencies = (
			);
			name = "Khana Khas";
			packageProductDependencies = (
				AD8DA8902A72D65D0011B2B3 /* Lottie */,
				ADB6C02B2A7E2223004D8E04 /* DifferenceKit */,
				AD8A0AA92AA0D72B0040DD64 /* UIView-Shimmer */,
			);
			productName = "Khana Khas";
			productReference = AD46E97C2A6B9E4D003D94AC /* Khana Khas.app */;
			productType = "com.apple.product-type.application";
		};
		AD46E9912A6B9E4E003D94AC /* Khana KhasTests */ = {
			isa = PBXNativeTarget;
			buildConfigurationList = AD46E9A92A6B9E4E003D94AC /* Build configuration list for PBXNativeTarget "Khana KhasTests" */;
			buildPhases = (
				AD46E98E2A6B9E4E003D94AC /* Sources */,
				AD46E98F2A6B9E4E003D94AC /* Frameworks */,
				AD46E9902A6B9E4E003D94AC /* Resources */,
			);
			buildRules = (
			);
			dependencies = (
				AD46E9942A6B9E4E003D94AC /* PBXTargetDependency */,
			);
			name = "Khana KhasTests";
			productName = "Khana KhasTests";
			productReference = AD46E9922A6B9E4E003D94AC /* Khana KhasTests.xctest */;
			productType = "com.apple.product-type.bundle.unit-test";
		};
		AD46E99B2A6B9E4E003D94AC /* Khana KhasUITests */ = {
			isa = PBXNativeTarget;
			buildConfigurationList = AD46E9AC2A6B9E4E003D94AC /* Build configuration list for PBXNativeTarget "Khana KhasUITests" */;
			buildPhases = (
				AD46E9982A6B9E4E003D94AC /* Sources */,
				AD46E9992A6B9E4E003D94AC /* Frameworks */,
				AD46E99A2A6B9E4E003D94AC /* Resources */,
			);
			buildRules = (
			);
			dependencies = (
				AD46E99E2A6B9E4E003D94AC /* PBXTargetDependency */,
			);
			name = "Khana KhasUITests";
			productName = "Khana KhasUITests";
			productReference = AD46E99C2A6B9E4E003D94AC /* Khana KhasUITests.xctest */;
			productType = "com.apple.product-type.bundle.ui-testing";
		};
/* End PBXNativeTarget section */

/* Begin PBXProject section */
		AD46E9742A6B9E4D003D94AC /* Project object */ = {
			isa = PBXProject;
			attributes = {
				BuildIndependentTargetsInParallel = 1;
				LastSwiftUpdateCheck = 1430;
				LastUpgradeCheck = 1430;
				TargetAttributes = {
					AD46E97B2A6B9E4D003D94AC = {
						CreatedOnToolsVersion = 14.3.1;
					};
					AD46E9912A6B9E4E003D94AC = {
						CreatedOnToolsVersion = 14.3.1;
						TestTargetID = AD46E97B2A6B9E4D003D94AC;
					};
					AD46E99B2A6B9E4E003D94AC = {
						CreatedOnToolsVersion = 14.3.1;
						TestTargetID = AD46E97B2A6B9E4D003D94AC;
					};
				};
			};
			buildConfigurationList = AD46E9772A6B9E4D003D94AC /* Build configuration list for PBXProject "Khana Khas" */;
			compatibilityVersion = "Xcode 14.0";
			developmentRegion = en;
			hasScannedForEncodings = 0;
			knownRegions = (
				en,
				Base,
			);
			mainGroup = AD46E9732A6B9E4D003D94AC;
			packageReferences = (
				AD8DA88F2A72D65D0011B2B3 /* XCRemoteSwiftPackageReference "lottie-spm" */,
				ADB6C02A2A7E2223004D8E04 /* XCRemoteSwiftPackageReference "DifferenceKit" */,
				AD8A0AA82AA0D72B0040DD64 /* XCRemoteSwiftPackageReference "UIView-Shimmer" */,
			);
			productRefGroup = AD46E97D2A6B9E4D003D94AC /* Products */;
			projectDirPath = "";
			projectRoot = "";
			targets = (
				AD46E97B2A6B9E4D003D94AC /* Khana Khas */,
				AD46E9912A6B9E4E003D94AC /* Khana KhasTests */,
				AD46E99B2A6B9E4E003D94AC /* Khana KhasUITests */,
			);
		};
/* End PBXProject section */

/* Begin PBXResourcesBuildPhase section */
		AD46E97A2A6B9E4D003D94AC /* Resources */ = {
			isa = PBXResourcesBuildPhase;
			buildActionMask = 2147483647;
			files = (
				AD46E98C2A6B9E4E003D94AC /* LaunchScreen.storyboard in Resources */,
				ADB73DD22A74DF5B007D53E9 /* Entry.storyboard in Resources */,
				AD92E5AD2A9D087B006FF5DB /* khadvi.jpeg in Resources */,
				AD46E9892A6B9E4E003D94AC /* Assets.xcassets in Resources */,
				AD46E9B12A6BA01D003D94AC /* Onboard.storyboard in Resources */,
				AD46E9872A6B9E4D003D94AC /* Main.storyboard in Resources */,
				AD8DA8942A72D6D50011B2B3 /* welcome.json in Resources */,
			);
			runOnlyForDeploymentPostprocessing = 0;
		};
		AD46E9902A6B9E4E003D94AC /* Resources */ = {
			isa = PBXResourcesBuildPhase;
			buildActionMask = 2147483647;
			files = (
			);
			runOnlyForDeploymentPostprocessing = 0;
		};
		AD46E99A2A6B9E4E003D94AC /* Resources */ = {
			isa = PBXResourcesBuildPhase;
			buildActionMask = 2147483647;
			files = (
			);
			runOnlyForDeploymentPostprocessing = 0;
		};
/* End PBXResourcesBuildPhase section */

/* Begin PBXSourcesBuildPhase section */
		AD46E9782A6B9E4D003D94AC /* Sources */ = {
			isa = PBXSourcesBuildPhase;
			buildActionMask = 2147483647;
			files = (
				AD111B592A6BAC9A00FE38B5 /* OnboardGetStatedViewController.swift in Sources */,
				AD5AC07A2A91E08600E4A4F9 /* FoodSuggestionManager.swift in Sources */,
				AD0663682A762E9A00C29E82 /* ChatQuetionTableViewCell.swift in Sources */,
				AD92E5AB2A9CFADB006FF5DB /* ChatFoodRecipes.swift in Sources */,
				AD8761002A8BB8C500419784 /* ChatOption.swift in Sources */,
				ADBCDF792A72B1E200049552 /* OnboardPrefrenceViewController.swift in Sources */,
				ADF27DD92A92186B0035B1A4 /* ChatTableViewCell.swift in Sources */,
				AD985B452AA0DC4200321D57 /* ImageManager.swift in Sources */,
				AD46E9842A6B9E4D003D94AC /* MainTableViewController.swift in Sources */,
				AD5AC07C2A91E42F00E4A4F9 /* ChatLoadingTableViewCell.swift in Sources */,
				AD8A369A2A88B989007842FE /* ChatOptionsTableViewCell.swift in Sources */,
				AD46E9802A6B9E4D003D94AC /* AppDelegate.swift in Sources */,
				AD985B472AA0DD0300321D57 /* NetworkManager.swift in Sources */,
				AD46E9822A6B9E4D003D94AC /* SceneDelegate.swift in Sources */,
				AD8C11DF2A8B74DA00EE1876 /* ChatOptionCollectionViewCell.swift in Sources */,
				AD8760F92A8BB86C00419784 /* ChatItem.swift in Sources */,
				ADC0EC552A9B1A2200764E5E /* IngredientItemTableViewCell.swift in Sources */,
				AD111B5B2A6BACC900FE38B5 /* OnboardPageViewController.swift in Sources */,
				ADB73DCE2A74D9BB007D53E9 /* PrefrenceManager.swift in Sources */,
				AD8760FE2A8BB8AF00419784 /* ChatAnswer.swift in Sources */,
				AD0663662A7626B000C29E82 /* ChatAnswerTableViewCell.swift in Sources */,
				AD898E6D2A9F6B2000CC70D2 /* RecipeDetailViewController.swift in Sources */,
				AD985B492AA0E16600321D57 /* NotificationManager.swift in Sources */,
				ADB73DD02A74DF25007D53E9 /* EntryViewController.swift in Sources */,
				AD0085BA2A9A258500B86793 /* IngredientsTableViewController.swift in Sources */,
				AD92E5A92A9CF9B1006FF5DB /* FoodRecipeTableViewCell.swift in Sources */,
				AD898E6F2A9F702400CC70D2 /* PanesManager.swift in Sources */,
				AD8A369E2A88C830007842FE /* ChatOptionsCollectionViewLayout.swift in Sources */,
				AD8760FC2A8BB8A000419784 /* ChatQuestion.swift in Sources */,
				AD8760F62A8BB7C900419784 /* ChatViewModel.swift in Sources */,
				AD8DA8962A72D6F70011B2B3 /* OnboardWelcomePageController.swift in Sources */,
			);
			runOnlyForDeploymentPostprocessing = 0;
		};
		AD46E98E2A6B9E4E003D94AC /* Sources */ = {
			isa = PBXSourcesBuildPhase;
			buildActionMask = 2147483647;
			files = (
				AD46E9972A6B9E4E003D94AC /* Khana_KhasTests.swift in Sources */,
			);
			runOnlyForDeploymentPostprocessing = 0;
		};
		AD46E9982A6B9E4E003D94AC /* Sources */ = {
			isa = PBXSourcesBuildPhase;
			buildActionMask = 2147483647;
			files = (
				AD46E9A12A6B9E4E003D94AC /* Khana_KhasUITests.swift in Sources */,
				AD46E9A32A6B9E4E003D94AC /* Khana_KhasUITestsLaunchTests.swift in Sources */,
			);
			runOnlyForDeploymentPostprocessing = 0;
		};
/* End PBXSourcesBuildPhase section */

/* Begin PBXTargetDependency section */
		AD46E9942A6B9E4E003D94AC /* PBXTargetDependency */ = {
			isa = PBXTargetDependency;
			target = AD46E97B2A6B9E4D003D94AC /* Khana Khas */;
			targetProxy = AD46E9932A6B9E4E003D94AC /* PBXContainerItemProxy */;
		};
		AD46E99E2A6B9E4E003D94AC /* PBXTargetDependency */ = {
			isa = PBXTargetDependency;
			target = AD46E97B2A6B9E4D003D94AC /* Khana Khas */;
			targetProxy = AD46E99D2A6B9E4E003D94AC /* PBXContainerItemProxy */;
		};
/* End PBXTargetDependency section */

/* Begin PBXVariantGroup section */
		AD46E9852A6B9E4D003D94AC /* Main.storyboard */ = {
			isa = PBXVariantGroup;
			children = (
				AD46E9862A6B9E4D003D94AC /* Base */,
			);
			name = Main.storyboard;
			sourceTree = "<group>";
		};
		AD46E98A2A6B9E4E003D94AC /* LaunchScreen.storyboard */ = {
			isa = PBXVariantGroup;
			children = (
				AD46E98B2A6B9E4E003D94AC /* Base */,
			);
			name = LaunchScreen.storyboard;
			sourceTree = "<group>";
		};
/* End PBXVariantGroup section */

/* Begin XCBuildConfiguration section */
		AD46E9A42A6B9E4E003D94AC /* Debug */ = {
			isa = XCBuildConfiguration;
			buildSettings = {
				ALWAYS_SEARCH_USER_PATHS = NO;
				CLANG_ANALYZER_NONNULL = YES;
				CLANG_ANALYZER_NUMBER_OBJECT_CONVERSION = YES_AGGRESSIVE;
				CLANG_CXX_LANGUAGE_STANDARD = "gnu++20";
				CLANG_ENABLE_MODULES = YES;
				CLANG_ENABLE_OBJC_ARC = YES;
				CLANG_ENABLE_OBJC_WEAK = YES;
				CLANG_WARN_BLOCK_CAPTURE_AUTORELEASING = YES;
				CLANG_WARN_BOOL_CONVERSION = YES;
				CLANG_WARN_COMMA = YES;
				CLANG_WARN_CONSTANT_CONVERSION = YES;
				CLANG_WARN_DEPRECATED_OBJC_IMPLEMENTATIONS = YES;
				CLANG_WARN_DIRECT_OBJC_ISA_USAGE = YES_ERROR;
				CLANG_WARN_DOCUMENTATION_COMMENTS = YES;
				CLANG_WARN_EMPTY_BODY = YES;
				CLANG_WARN_ENUM_CONVERSION = YES;
				CLANG_WARN_INFINITE_RECURSION = YES;
				CLANG_WARN_INT_CONVERSION = YES;
				CLANG_WARN_NON_LITERAL_NULL_CONVERSION = YES;
				CLANG_WARN_OBJC_IMPLICIT_RETAIN_SELF = YES;
				CLANG_WARN_OBJC_LITERAL_CONVERSION = YES;
				CLANG_WARN_OBJC_ROOT_CLASS = YES_ERROR;
				CLANG_WARN_QUOTED_INCLUDE_IN_FRAMEWORK_HEADER = YES;
				CLANG_WARN_RANGE_LOOP_ANALYSIS = YES;
				CLANG_WARN_STRICT_PROTOTYPES = YES;
				CLANG_WARN_SUSPICIOUS_MOVE = YES;
				CLANG_WARN_UNGUARDED_AVAILABILITY = YES_AGGRESSIVE;
				CLANG_WARN_UNREACHABLE_CODE = YES;
				CLANG_WARN__DUPLICATE_METHOD_MATCH = YES;
				COPY_PHASE_STRIP = NO;
				DEBUG_INFORMATION_FORMAT = dwarf;
				ENABLE_STRICT_OBJC_MSGSEND = YES;
				ENABLE_TESTABILITY = YES;
				GCC_C_LANGUAGE_STANDARD = gnu11;
				GCC_DYNAMIC_NO_PIC = NO;
				GCC_NO_COMMON_BLOCKS = YES;
				GCC_OPTIMIZATION_LEVEL = 0;
				GCC_PREPROCESSOR_DEFINITIONS = (
					"DEBUG=1",
					"$(inherited)",
				);
				GCC_WARN_64_TO_32_BIT_CONVERSION = YES;
				GCC_WARN_ABOUT_RETURN_TYPE = YES_ERROR;
				GCC_WARN_UNDECLARED_SELECTOR = YES;
				GCC_WARN_UNINITIALIZED_AUTOS = YES_AGGRESSIVE;
				GCC_WARN_UNUSED_FUNCTION = YES;
				GCC_WARN_UNUSED_VARIABLE = YES;
				IPHONEOS_DEPLOYMENT_TARGET = 16.4;
				MTL_ENABLE_DEBUG_INFO = INCLUDE_SOURCE;
				MTL_FAST_MATH = YES;
				ONLY_ACTIVE_ARCH = YES;
				SDKROOT = iphoneos;
				SWIFT_ACTIVE_COMPILATION_CONDITIONS = DEBUG;
				SWIFT_OPTIMIZATION_LEVEL = "-Onone";
			};
			name = Debug;
		};
		AD46E9A52A6B9E4E003D94AC /* Release */ = {
			isa = XCBuildConfiguration;
			buildSettings = {
				ALWAYS_SEARCH_USER_PATHS = NO;
				CLANG_ANALYZER_NONNULL = YES;
				CLANG_ANALYZER_NUMBER_OBJECT_CONVERSION = YES_AGGRESSIVE;
				CLANG_CXX_LANGUAGE_STANDARD = "gnu++20";
				CLANG_ENABLE_MODULES = YES;
				CLANG_ENABLE_OBJC_ARC = YES;
				CLANG_ENABLE_OBJC_WEAK = YES;
				CLANG_WARN_BLOCK_CAPTURE_AUTORELEASING = YES;
				CLANG_WARN_BOOL_CONVERSION = YES;
				CLANG_WARN_COMMA = YES;
				CLANG_WARN_CONSTANT_CONVERSION = YES;
				CLANG_WARN_DEPRECATED_OBJC_IMPLEMENTATIONS = YES;
				CLANG_WARN_DIRECT_OBJC_ISA_USAGE = YES_ERROR;
				CLANG_WARN_DOCUMENTATION_COMMENTS = YES;
				CLANG_WARN_EMPTY_BODY = YES;
				CLANG_WARN_ENUM_CONVERSION = YES;
				CLANG_WARN_INFINITE_RECURSION = YES;
				CLANG_WARN_INT_CONVERSION = YES;
				CLANG_WARN_NON_LITERAL_NULL_CONVERSION = YES;
				CLANG_WARN_OBJC_IMPLICIT_RETAIN_SELF = YES;
				CLANG_WARN_OBJC_LITERAL_CONVERSION = YES;
				CLANG_WARN_OBJC_ROOT_CLASS = YES_ERROR;
				CLANG_WARN_QUOTED_INCLUDE_IN_FRAMEWORK_HEADER = YES;
				CLANG_WARN_RANGE_LOOP_ANALYSIS = YES;
				CLANG_WARN_STRICT_PROTOTYPES = YES;
				CLANG_WARN_SUSPICIOUS_MOVE = YES;
				CLANG_WARN_UNGUARDED_AVAILABILITY = YES_AGGRESSIVE;
				CLANG_WARN_UNREACHABLE_CODE = YES;
				CLANG_WARN__DUPLICATE_METHOD_MATCH = YES;
				COPY_PHASE_STRIP = NO;
				DEBUG_INFORMATION_FORMAT = "dwarf-with-dsym";
				ENABLE_NS_ASSERTIONS = NO;
				ENABLE_STRICT_OBJC_MSGSEND = YES;
				GCC_C_LANGUAGE_STANDARD = gnu11;
				GCC_NO_COMMON_BLOCKS = YES;
				GCC_WARN_64_TO_32_BIT_CONVERSION = YES;
				GCC_WARN_ABOUT_RETURN_TYPE = YES_ERROR;
				GCC_WARN_UNDECLARED_SELECTOR = YES;
				GCC_WARN_UNINITIALIZED_AUTOS = YES_AGGRESSIVE;
				GCC_WARN_UNUSED_FUNCTION = YES;
				GCC_WARN_UNUSED_VARIABLE = YES;
				IPHONEOS_DEPLOYMENT_TARGET = 16.4;
				MTL_ENABLE_DEBUG_INFO = NO;
				MTL_FAST_MATH = YES;
				SDKROOT = iphoneos;
				SWIFT_COMPILATION_MODE = wholemodule;
				SWIFT_OPTIMIZATION_LEVEL = "-O";
				VALIDATE_PRODUCT = YES;
			};
			name = Release;
		};
		AD46E9A72A6B9E4E003D94AC /* Debug */ = {
			isa = XCBuildConfiguration;
			buildSettings = {
				ASSETCATALOG_COMPILER_APPICON_NAME = AppIcon;
				ASSETCATALOG_COMPILER_GLOBAL_ACCENT_COLOR_NAME = AccentColor;
				CODE_SIGN_STYLE = Automatic;
				CURRENT_PROJECT_VERSION = 1;
				GENERATE_INFOPLIST_FILE = YES;
				INFOPLIST_FILE = "Khana Khas/Info.plist";
				INFOPLIST_KEY_UIApplicationSupportsIndirectInputEvents = YES;
				INFOPLIST_KEY_UILaunchStoryboardName = LaunchScreen;
				INFOPLIST_KEY_UIMainStoryboardFile = Main;
				INFOPLIST_KEY_UISupportedInterfaceOrientations_iPad = "UIInterfaceOrientationPortrait UIInterfaceOrientationPortraitUpsideDown UIInterfaceOrientationLandscapeLeft UIInterfaceOrientationLandscapeRight";
				INFOPLIST_KEY_UISupportedInterfaceOrientations_iPhone = "UIInterfaceOrientationPortrait UIInterfaceOrientationLandscapeLeft UIInterfaceOrientationLandscapeRight";
				LD_RUNPATH_SEARCH_PATHS = (
					"$(inherited)",
					"@executable_path/Frameworks",
				);
				MARKETING_VERSION = 1.0;
				PRODUCT_BUNDLE_IDENTIFIER = "com.food.Khana-Khas";
				PRODUCT_NAME = "$(TARGET_NAME)";
				SWIFT_EMIT_LOC_STRINGS = YES;
				SWIFT_VERSION = 5.0;
				TARGETED_DEVICE_FAMILY = "1,2";
			};
			name = Debug;
		};
		AD46E9A82A6B9E4E003D94AC /* Release */ = {
			isa = XCBuildConfiguration;
			buildSettings = {
				ASSETCATALOG_COMPILER_APPICON_NAME = AppIcon;
				ASSETCATALOG_COMPILER_GLOBAL_ACCENT_COLOR_NAME = AccentColor;
				CODE_SIGN_STYLE = Automatic;
				CURRENT_PROJECT_VERSION = 1;
				GENERATE_INFOPLIST_FILE = YES;
				INFOPLIST_FILE = "Khana Khas/Info.plist";
				INFOPLIST_KEY_UIApplicationSupportsIndirectInputEvents = YES;
				INFOPLIST_KEY_UILaunchStoryboardName = LaunchScreen;
				INFOPLIST_KEY_UIMainStoryboardFile = Main;
				INFOPLIST_KEY_UISupportedInterfaceOrientations_iPad = "UIInterfaceOrientationPortrait UIInterfaceOrientationPortraitUpsideDown UIInterfaceOrientationLandscapeLeft UIInterfaceOrientationLandscapeRight";
				INFOPLIST_KEY_UISupportedInterfaceOrientations_iPhone = "UIInterfaceOrientationPortrait UIInterfaceOrientationLandscapeLeft UIInterfaceOrientationLandscapeRight";
				LD_RUNPATH_SEARCH_PATHS = (
					"$(inherited)",
					"@executable_path/Frameworks",
				);
				MARKETING_VERSION = 1.0;
				PRODUCT_BUNDLE_IDENTIFIER = "com.food.Khana-Khas";
				PRODUCT_NAME = "$(TARGET_NAME)";
				SWIFT_EMIT_LOC_STRINGS = YES;
				SWIFT_VERSION = 5.0;
				TARGETED_DEVICE_FAMILY = "1,2";
			};
			name = Release;
		};
		AD46E9AA2A6B9E4E003D94AC /* Debug */ = {
			isa = XCBuildConfiguration;
			buildSettings = {
				ALWAYS_EMBED_SWIFT_STANDARD_LIBRARIES = YES;
				BUNDLE_LOADER = "$(TEST_HOST)";
				CODE_SIGN_STYLE = Automatic;
				CURRENT_PROJECT_VERSION = 1;
				GENERATE_INFOPLIST_FILE = YES;
				IPHONEOS_DEPLOYMENT_TARGET = 16.4;
				MARKETING_VERSION = 1.0;
				PRODUCT_BUNDLE_IDENTIFIER = "com.food.Khana-KhasTests";
				PRODUCT_NAME = "$(TARGET_NAME)";
				SWIFT_EMIT_LOC_STRINGS = NO;
				SWIFT_VERSION = 5.0;
				TARGETED_DEVICE_FAMILY = "1,2";
				TEST_HOST = "$(BUILT_PRODUCTS_DIR)/Khana Khas.app/$(BUNDLE_EXECUTABLE_FOLDER_PATH)/Khana Khas";
			};
			name = Debug;
		};
		AD46E9AB2A6B9E4E003D94AC /* Release */ = {
			isa = XCBuildConfiguration;
			buildSettings = {
				ALWAYS_EMBED_SWIFT_STANDARD_LIBRARIES = YES;
				BUNDLE_LOADER = "$(TEST_HOST)";
				CODE_SIGN_STYLE = Automatic;
				CURRENT_PROJECT_VERSION = 1;
				GENERATE_INFOPLIST_FILE = YES;
				IPHONEOS_DEPLOYMENT_TARGET = 16.4;
				MARKETING_VERSION = 1.0;
				PRODUCT_BUNDLE_IDENTIFIER = "com.food.Khana-KhasTests";
				PRODUCT_NAME = "$(TARGET_NAME)";
				SWIFT_EMIT_LOC_STRINGS = NO;
				SWIFT_VERSION = 5.0;
				TARGETED_DEVICE_FAMILY = "1,2";
				TEST_HOST = "$(BUILT_PRODUCTS_DIR)/Khana Khas.app/$(BUNDLE_EXECUTABLE_FOLDER_PATH)/Khana Khas";
			};
			name = Release;
		};
		AD46E9AD2A6B9E4E003D94AC /* Debug */ = {
			isa = XCBuildConfiguration;
			buildSettings = {
				ALWAYS_EMBED_SWIFT_STANDARD_LIBRARIES = YES;
				CODE_SIGN_STYLE = Automatic;
				CURRENT_PROJECT_VERSION = 1;
				GENERATE_INFOPLIST_FILE = YES;
				MARKETING_VERSION = 1.0;
				PRODUCT_BUNDLE_IDENTIFIER = "com.food.Khana-KhasUITests";
				PRODUCT_NAME = "$(TARGET_NAME)";
				SWIFT_EMIT_LOC_STRINGS = NO;
				SWIFT_VERSION = 5.0;
				TARGETED_DEVICE_FAMILY = "1,2";
				TEST_TARGET_NAME = "Khana Khas";
			};
			name = Debug;
		};
		AD46E9AE2A6B9E4E003D94AC /* Release */ = {
			isa = XCBuildConfiguration;
			buildSettings = {
				ALWAYS_EMBED_SWIFT_STANDARD_LIBRARIES = YES;
				CODE_SIGN_STYLE = Automatic;
				CURRENT_PROJECT_VERSION = 1;
				GENERATE_INFOPLIST_FILE = YES;
				MARKETING_VERSION = 1.0;
				PRODUCT_BUNDLE_IDENTIFIER = "com.food.Khana-KhasUITests";
				PRODUCT_NAME = "$(TARGET_NAME)";
				SWIFT_EMIT_LOC_STRINGS = NO;
				SWIFT_VERSION = 5.0;
				TARGETED_DEVICE_FAMILY = "1,2";
				TEST_TARGET_NAME = "Khana Khas";
			};
			name = Release;
		};
/* End XCBuildConfiguration section */

/* Begin XCConfigurationList section */
		AD46E9772A6B9E4D003D94AC /* Build configuration list for PBXProject "Khana Khas" */ = {
			isa = XCConfigurationList;
			buildConfigurations = (
				AD46E9A42A6B9E4E003D94AC /* Debug */,
				AD46E9A52A6B9E4E003D94AC /* Release */,
			);
			defaultConfigurationIsVisible = 0;
			defaultConfigurationName = Release;
		};
		AD46E9A62A6B9E4E003D94AC /* Build configuration list for PBXNativeTarget "Khana Khas" */ = {
			isa = XCConfigurationList;
			buildConfigurations = (
				AD46E9A72A6B9E4E003D94AC /* Debug */,
				AD46E9A82A6B9E4E003D94AC /* Release */,
			);
			defaultConfigurationIsVisible = 0;
			defaultConfigurationName = Release;
		};
		AD46E9A92A6B9E4E003D94AC /* Build configuration list for PBXNativeTarget "Khana KhasTests" */ = {
			isa = XCConfigurationList;
			buildConfigurations = (
				AD46E9AA2A6B9E4E003D94AC /* Debug */,
				AD46E9AB2A6B9E4E003D94AC /* Release */,
			);
			defaultConfigurationIsVisible = 0;
			defaultConfigurationName = Release;
		};
		AD46E9AC2A6B9E4E003D94AC /* Build configuration list for PBXNativeTarget "Khana KhasUITests" */ = {
			isa = XCConfigurationList;
			buildConfigurations = (
				AD46E9AD2A6B9E4E003D94AC /* Debug */,
				AD46E9AE2A6B9E4E003D94AC /* Release */,
			);
			defaultConfigurationIsVisible = 0;
			defaultConfigurationName = Release;
		};
/* End XCConfigurationList section */

/* Begin XCRemoteSwiftPackageReference section */
		AD8A0AA82AA0D72B0040DD64 /* XCRemoteSwiftPackageReference "UIView-Shimmer" */ = {
			isa = XCRemoteSwiftPackageReference;
			repositoryURL = "https://github.com/omerfarukozturk/UIView-Shimmer.git";
			requirement = {
				kind = upToNextMajorVersion;
				minimumVersion = 1.0.0;
			};
		};
		AD8DA88F2A72D65D0011B2B3 /* XCRemoteSwiftPackageReference "lottie-spm" */ = {
			isa = XCRemoteSwiftPackageReference;
			repositoryURL = "https://github.com/airbnb/lottie-spm.git";
			requirement = {
				kind = upToNextMajorVersion;
				minimumVersion = 4.0.0;
			};
		};
		ADB6C02A2A7E2223004D8E04 /* XCRemoteSwiftPackageReference "DifferenceKit" */ = {
			isa = XCRemoteSwiftPackageReference;
			repositoryURL = "https://github.com/ra1028/DifferenceKit";
			requirement = {
				kind = upToNextMajorVersion;
				minimumVersion = 1.0.0;
			};
		};
/* End XCRemoteSwiftPackageReference section */

/* Begin XCSwiftPackageProductDependency section */
		AD8A0AA92AA0D72B0040DD64 /* UIView-Shimmer */ = {
			isa = XCSwiftPackageProductDependency;
			package = AD8A0AA82AA0D72B0040DD64 /* XCRemoteSwiftPackageReference "UIView-Shimmer" */;
			productName = "UIView-Shimmer";
		};
		AD8DA8902A72D65D0011B2B3 /* Lottie */ = {
			isa = XCSwiftPackageProductDependency;
			package = AD8DA88F2A72D65D0011B2B3 /* XCRemoteSwiftPackageReference "lottie-spm" */;
			productName = Lottie;
		};
		ADB6C02B2A7E2223004D8E04 /* DifferenceKit */ = {
			isa = XCSwiftPackageProductDependency;
			package = ADB6C02A2A7E2223004D8E04 /* XCRemoteSwiftPackageReference "DifferenceKit" */;
			productName = DifferenceKit;
		};
/* End XCSwiftPackageProductDependency section */
	};
	rootObject = AD46E9742A6B9E4D003D94AC /* Project object */;
}
